
Microsoft Visual Studio Solution File, Format Version 12.00
# Visual Studio Version 16
VisualStudioVersion = 16.0.30011.22
MinimumVisualStudioVersion = 10.0.40219.1
Project("{FAE04EC0-301F-11D3-BF4B-00C04F79EFBC}") = "HelloWorld.Android", "HelloWorld\HelloWorld.Android\HelloWorld.Android.csproj", "{1BEBB550-8645-4C5C-8D88-E5BFB4ADD232}"
EndProject
Project("{FAE04EC0-301F-11D3-BF4B-00C04F79EFBC}") = "HelloWorld.iOS", "HelloWorld\HelloWorld.iOS\HelloWorld.iOS.csproj", "{0D29F79D-F58F-4088-A1AC-CA7FB5A39896}"
EndProject
Project("{9A19103F-16F7-4668-BE54-9A1E7A4F7556}") = "HelloWorld", "HelloWorld\HelloWorld\HelloWorld.csproj", "{1F40C4F7-7AF6-4388-A793-F42781BA857B}"
EndProject
Project("{2150E333-8FDC-42A3-9474-1A3956D46DE8}") = "Solution Items", "Solution Items", "{FE935E24-A78D-47D1-BA2A-B04A428E1568}"
	ProjectSection(SolutionItems) = preProject
		Notes.txt = Notes.txt
	EndProjectSection
EndProject
Global
	GlobalSection(SolutionConfigurationPlatforms) = preSolution
		Debug|Any CPU = Debug|Any CPU
		Debug|iPhone = Debug|iPhone
		Debug|iPhoneSimulator = Debug|iPhoneSimulator
		Release|Any CPU = Release|Any CPU
		Release|iPhone = Release|iPhone
		Release|iPhoneSimulator = Release|iPhoneSimulator
	EndGlobalSection
	GlobalSection(ProjectConfigurationPlatforms) = postSolution
		{1BEBB550-8645-4C5C-8D88-E5BFB4ADD232}.Debug|Any CPU.ActiveCfg = Debug|Any CPU
		{1BEBB550-8645-4C5C-8D88-E5BFB4ADD232}.Debug|Any CPU.Build.0 = Debug|Any CPU
		{1BEBB550-8645-4C5C-8D88-E5BFB4ADD232}.Debug|Any CPU.Deploy.0 = Debug|Any CPU
		{1BEBB550-8645-4C5C-8D88-E5BFB4ADD232}.Debug|iPhone.ActiveCfg = Debug|Any CPU
		{1BEBB550-8645-4C5C-8D88-E5BFB4ADD232}.Debug|iPhone.Build.0 = Debug|Any CPU
		{1BEBB550-8645-4C5C-8D88-E5BFB4ADD232}.Debug|iPhone.Deploy.0 = Debug|Any CPU
		{1BEBB550-8645-4C5C-8D88-E5BFB4ADD232}.Debug|iPhoneSimulator.ActiveCfg = Debug|Any CPU
		{1BEBB550-8645-4C5C-8D88-E5BFB4ADD232}.Debug|iPhoneSimulator.Build.0 = Debug|Any CPU
		{1BEBB550-8645-4C5C-8D88-E5BFB4ADD232}.Debug|iPhoneSimulator.Deploy.0 = Debug|Any CPU
		{1BEBB550-8645-4C5C-8D88-E5BFB4ADD232}.Release|Any CPU.ActiveCfg = Release|Any CPU
		{1BEBB550-8645-4C5C-8D88-E5BFB4ADD232}.Release|Any CPU.Build.0 = Release|Any CPU
		{1BEBB550-8645-4C5C-8D88-E5BFB4ADD232}.Release|Any CPU.Deploy.0 = Release|Any CPU
		{1BEBB550-8645-4C5C-8D88-E5BFB4ADD232}.Release|iPhone.ActiveCfg = Release|Any CPU
		{1BEBB550-8645-4C5C-8D88-E5BFB4ADD232}.Release|iPhone.Build.0 = Release|Any CPU
		{1BEBB550-8645-4C5C-8D88-E5BFB4ADD232}.Release|iPhone.Deploy.0 = Release|Any CPU
		{1BEBB550-8645-4C5C-8D88-E5BFB4ADD232}.Release|iPhoneSimulator.ActiveCfg = Release|Any CPU
		{1BEBB550-8645-4C5C-8D88-E5BFB4ADD232}.Release|iPhoneSimulator.Build.0 = Release|Any CPU
		{1BEBB550-8645-4C5C-8D88-E5BFB4ADD232}.Release|iPhoneSimulator.Deploy.0 = Release|Any CPU
		{0D29F79D-F58F-4088-A1AC-CA7FB5A39896}.Debug|Any CPU.ActiveCfg = Debug|iPhone
		{0D29F79D-F58F-4088-A1AC-CA7FB5A39896}.Debug|Any CPU.Build.0 = Debug|iPhone
		{0D29F79D-F58F-4088-A1AC-CA7FB5A39896}.Debug|Any CPU.Deploy.0 = Debug|iPhone
		{0D29F79D-F58F-4088-A1AC-CA7FB5A39896}.Debug|iPhone.ActiveCfg = Debug|iPhone
		{0D29F79D-F58F-4088-A1AC-CA7FB5A39896}.Debug|iPhone.Build.0 = Debug|iPhone
		{0D29F79D-F58F-4088-A1AC-CA7FB5A39896}.Debug|iPhone.Deploy.0 = Debug|iPhone
		{0D29F79D-F58F-4088-A1AC-CA7FB5A39896}.Debug|iPhoneSimulator.ActiveCfg = Debug|iPhoneSimulator
		{0D29F79D-F58F-4088-A1AC-CA7FB5A39896}.Debug|iPhoneSimulator.Build.0 = Debug|iPhoneSimulator
		{0D29F79D-F58F-4088-A1AC-CA7FB5A39896}.Debug|iPhoneSimulator.Deploy.0 = Debug|iPhoneSimulator
		{0D29F79D-F58F-4088-A1AC-CA7FB5A39896}.Release|Any CPU.ActiveCfg = Release|iPhone
		{0D29F79D-F58F-4088-A1AC-CA7FB5A39896}.Release|Any CPU.Build.0 = Release|iPhone
		{0D29F79D-F58F-4088-A1AC-CA7FB5A39896}.Release|Any CPU.Deploy.0 = Release|iPhone
		{0D29F79D-F58F-4088-A1AC-CA7FB5A39896}.Release|iPhone.ActiveCfg = Release|iPhone
		{0D29F79D-F58F-4088-A1AC-CA7FB5A39896}.Release|iPhone.Build.0 = Release|iPhone
		{0D29F79D-F58F-4088-A1AC-CA7FB5A39896}.Release|iPhone.Deploy.0 = Release|iPhone
		{0D29F79D-F58F-4088-A1AC-CA7FB5A39896}.Release|iPhoneSimulator.ActiveCfg = Release|iPhoneSimulator
		{0D29F79D-F58F-4088-A1AC-CA7FB5A39896}.Release|iPhoneSimulator.Build.0 = Release|iPhoneSimulator
		{0D29F79D-F58F-4088-A1AC-CA7FB5A39896}.Release|iPhoneSimulator.Deploy.0 = Release|iPhoneSimulator
		{1F40C4F7-7AF6-4388-A793-F42781BA857B}.Debug|Any CPU.ActiveCfg = Debug|Any CPU
		{1F40C4F7-7AF6-4388-A793-F42781BA857B}.Debug|Any CPU.Build.0 = Debug|Any CPU
		{1F40C4F7-7AF6-4388-A793-F42781BA857B}.Debug|Any CPU.Deploy.0 = Debug|Any CPU
		{1F40C4F7-7AF6-4388-A793-F42781BA857B}.Debug|iPhone.ActiveCfg = Debug|Any CPU
		{1F40C4F7-7AF6-4388-A793-F42781BA857B}.Debug|iPhone.Build.0 = Debug|Any CPU
		{1F40C4F7-7AF6-4388-A793-F42781BA857B}.Debug|iPhone.Deploy.0 = Debug|Any CPU
		{1F40C4F7-7AF6-4388-A793-F42781BA857B}.Debug|iPhoneSimulator.ActiveCfg = Debug|Any CPU
		{1F40C4F7-7AF6-4388-A793-F42781BA857B}.Debug|iPhoneSimulator.Build.0 = Debug|Any CPU
		{1F40C4F7-7AF6-4388-A793-F42781BA857B}.Debug|iPhoneSimulator.Deploy.0 = Debug|Any CPU
		{1F40C4F7-7AF6-4388-A793-F42781BA857B}.Release|Any CPU.ActiveCfg = Release|Any CPU
		{1F40C4F7-7AF6-4388-A793-F42781BA857B}.Release|Any CPU.Build.0 = Release|Any CPU
		{1F40C4F7-7AF6-4388-A793-F42781BA857B}.Release|Any CPU.Deploy.0 = Release|Any CPU
		{1F40C4F7-7AF6-4388-A793-F42781BA857B}.Release|iPhone.ActiveCfg = Release|Any CPU
		{1F40C4F7-7AF6-4388-A793-F42781BA857B}.Release|iPhone.Build.0 = Release|Any CPU
		{1F40C4F7-7AF6-4388-A793-F42781BA857B}.Release|iPhone.Deploy.0 = Release|Any CPU
		{1F40C4F7-7AF6-4388-A793-F42781BA857B}.Release|iPhoneSimulator.ActiveCfg = Release|Any CPU
		{1F40C4F7-7AF6-4388-A793-F42781BA857B}.Release|iPhoneSimulator.Build.0 = Release|Any CPU
		{1F40C4F7-7AF6-4388-A793-F42781BA857B}.Release|iPhoneSimulator.Deploy.0 = Release|Any CPU
	EndGlobalSection
	GlobalSection(SolutionProperties) = preSolution
		HideSolutionNode = FALSE
	EndGlobalSection
	GlobalSection(ExtensibilityGlobals) = postSolution
		SolutionGuid = {C63B74EE-F570-458C-A703-CB26C41079C2}
	EndGlobalSection
EndGlobal
